
Microsoft Visual Studio Solution File, Format Version 12.00
# Visual Studio Version 17
VisualStudioVersion = 17.0.32112.339
MinimumVisualStudioVersion = 10.0.40219.1
Project("{FAE04EC0-301F-11D3-BF4B-00C04F79EFBC}") = "clase1upi", "clase1upi\clase1upi.csproj", "{D57534D0-C295-46A2-A5A0-9E0397EFA982}"
EndProject
Global
	GlobalSection(SolutionConfigurationPlatforms) = preSolution
		Debug|Any CPU = Debug|Any CPU
		Release|Any CPU = Release|Any CPU
	EndGlobalSection
	GlobalSection(ProjectConfigurationPlatforms) = postSolution
		{D57534D0-C295-46A2-A5A0-9E0397EFA982}.Debug|Any CPU.ActiveCfg = Debug|Any CPU
		{D57534D0-C295-46A2-A5A0-9E0397EFA982}.Debug|Any CPU.Build.0 = Debug|Any CPU
		{D57534D0-C295-46A2-A5A0-9E0397EFA982}.Release|Any CPU.ActiveCfg = Release|Any CPU
		{D57534D0-C295-46A2-A5A0-9E0397EFA982}.Release|Any CPU.Build.0 = Release|Any CPU
	EndGlobalSection
	GlobalSection(SolutionProperties) = preSolution
		HideSolutionNode = FALSE
	EndGlobalSection
	GlobalSection(ExtensibilityGlobals) = postSolution
		SolutionGuid = {FF12C27D-6CDA-4D79-80C3-5F5BECA65410}
	EndGlobalSection
EndGlobal
